
Microsoft Visual Studio Solution File, Format Version 12.00
# Visual Studio 15
VisualStudioVersion = 15.0.26124.0
MinimumVisualStudioVersion = 15.0.26124.0
Project("{FAE04EC0-301F-11D3-BF4B-00C04F79EFBC}") = "crud_apis", "src\crud_apis\crud_apis.csproj", "{3FC4C6EA-93EE-451E-AE2C-932666C10127}"
EndProject
Project("{FAE04EC0-301F-11D3-BF4B-00C04F79EFBC}") = "crud_apis.tests", "tests\crud_apis.tests.csproj", "{1DFFFC89-79AE-4DD8-BCDD-AA7CAF0AA97F}"
EndProject
Global
	GlobalSection(SolutionConfigurationPlatforms) = preSolution
		Debug|Any CPU = Debug|Any CPU
		Debug|x64 = Debug|x64
		Debug|x86 = Debug|x86
		Release|Any CPU = Release|Any CPU
		Release|x64 = Release|x64
		Release|x86 = Release|x86
	EndGlobalSection
	GlobalSection(SolutionProperties) = preSolution
		HideSolutionNode = FALSE
	EndGlobalSection
	GlobalSection(ProjectConfigurationPlatforms) = postSolution
		{3FC4C6EA-93EE-451E-AE2C-932666C10127}.Debug|Any CPU.ActiveCfg = Debug|Any CPU
		{3FC4C6EA-93EE-451E-AE2C-932666C10127}.Debug|Any CPU.Build.0 = Debug|Any CPU
		{3FC4C6EA-93EE-451E-AE2C-932666C10127}.Debug|x64.ActiveCfg = Debug|Any CPU
		{3FC4C6EA-93EE-451E-AE2C-932666C10127}.Debug|x64.Build.0 = Debug|Any CPU
		{3FC4C6EA-93EE-451E-AE2C-932666C10127}.Debug|x86.ActiveCfg = Debug|Any CPU
		{3FC4C6EA-93EE-451E-AE2C-932666C10127}.Debug|x86.Build.0 = Debug|Any CPU
		{3FC4C6EA-93EE-451E-AE2C-932666C10127}.Release|Any CPU.ActiveCfg = Release|Any CPU
		{3FC4C6EA-93EE-451E-AE2C-932666C10127}.Release|Any CPU.Build.0 = Release|Any CPU
		{3FC4C6EA-93EE-451E-AE2C-932666C10127}.Release|x64.ActiveCfg = Release|Any CPU
		{3FC4C6EA-93EE-451E-AE2C-932666C10127}.Release|x64.Build.0 = Release|Any CPU
		{3FC4C6EA-93EE-451E-AE2C-932666C10127}.Release|x86.ActiveCfg = Release|Any CPU
		{3FC4C6EA-93EE-451E-AE2C-932666C10127}.Release|x86.Build.0 = Release|Any CPU
		{1DFFFC89-79AE-4DD8-BCDD-AA7CAF0AA97F}.Debug|Any CPU.ActiveCfg = Debug|Any CPU
		{1DFFFC89-79AE-4DD8-BCDD-AA7CAF0AA97F}.Debug|Any CPU.Build.0 = Debug|Any CPU
		{1DFFFC89-79AE-4DD8-BCDD-AA7CAF0AA97F}.Debug|x64.ActiveCfg = Debug|Any CPU
		{1DFFFC89-79AE-4DD8-BCDD-AA7CAF0AA97F}.Debug|x64.Build.0 = Debug|Any CPU
		{1DFFFC89-79AE-4DD8-BCDD-AA7CAF0AA97F}.Debug|x86.ActiveCfg = Debug|Any CPU
		{1DFFFC89-79AE-4DD8-BCDD-AA7CAF0AA97F}.Debug|x86.Build.0 = Debug|Any CPU
		{1DFFFC89-79AE-4DD8-BCDD-AA7CAF0AA97F}.Release|Any CPU.ActiveCfg = Release|Any CPU
		{1DFFFC89-79AE-4DD8-BCDD-AA7CAF0AA97F}.Release|Any CPU.Build.0 = Release|Any CPU
		{1DFFFC89-79AE-4DD8-BCDD-AA7CAF0AA97F}.Release|x64.ActiveCfg = Release|Any CPU
		{1DFFFC89-79AE-4DD8-BCDD-AA7CAF0AA97F}.Release|x64.Build.0 = Release|Any CPU
		{1DFFFC89-79AE-4DD8-BCDD-AA7CAF0AA97F}.Release|x86.ActiveCfg = Release|Any CPU
		{1DFFFC89-79AE-4DD8-BCDD-AA7CAF0AA97F}.Release|x86.Build.0 = Release|Any CPU
	EndGlobalSection
EndGlobal
